
Microsoft Visual Studio Solution File, Format Version 12.00
# Visual Studio Version 16
VisualStudioVersion = 16.0.31402.337
MinimumVisualStudioVersion = 10.0.40219.1
Project("{9A19103F-16F7-4668-BE54-9A1E7A4F7556}") = "TestLib", "TestLib\src\TestLib.csproj", "{6A609BC4-999C-4CBA-A0FF-727428A6833C}"
EndProject
Global
	GlobalSection(SolutionConfigurationPlatforms) = preSolution
		Debug|Any CPU = Debug|Any CPU
		DebugAll|Any CPU = DebugAll|Any CPU
		Release|Any CPU = Release|Any CPU
		ReleaseAll|Any CPU = ReleaseAll|Any CPU
	EndGlobalSection
	GlobalSection(ProjectConfigurationPlatforms) = postSolution
		{6A609BC4-999C-4CBA-A0FF-727428A6833C}.Debug|Any CPU.ActiveCfg = Debug|Any CPU
		{6A609BC4-999C-4CBA-A0FF-727428A6833C}.Debug|Any CPU.Build.0 = Debug|Any CPU
		{6A609BC4-999C-4CBA-A0FF-727428A6833C}.DebugAll|Any CPU.ActiveCfg = Debug|Any CPU
		{6A609BC4-999C-4CBA-A0FF-727428A6833C}.DebugAll|Any CPU.Build.0 = Debug|Any CPU
		{6A609BC4-999C-4CBA-A0FF-727428A6833C}.Release|Any CPU.ActiveCfg = Release|Any CPU
		{6A609BC4-999C-4CBA-A0FF-727428A6833C}.Release|Any CPU.Build.0 = Release|Any CPU
		{6A609BC4-999C-4CBA-A0FF-727428A6833C}.ReleaseAll|Any CPU.ActiveCfg = Release|Any CPU
		{6A609BC4-999C-4CBA-A0FF-727428A6833C}.ReleaseAll|Any CPU.Build.0 = Release|Any CPU
	EndGlobalSection
	GlobalSection(SolutionProperties) = preSolution
		HideSolutionNode = FALSE
	EndGlobalSection
	GlobalSection(ExtensibilityGlobals) = postSolution
		SolutionGuid = {1FB22E15-60FB-4A08-9865-2C94808B71F3}
	EndGlobalSection
EndGlobal
